
Microsoft Visual Studio Solution File, Format Version 12.00
# Visual Studio 14
VisualStudioVersion = 14.0.23107.0
MinimumVisualStudioVersion = 10.0.40219.1
Project("{FAE04EC0-301F-11D3-BF4B-00C04F79EFBC}") = "Ceara.LojaVirtual.Web", "Ceara.LojaVirtual.Web\Ceara.LojaVirtual.Web.csproj", "{E3857E67-140C-4F8B-9468-8ECF87E4C2B5}"
EndProject
Project("{FAE04EC0-301F-11D3-BF4B-00C04F79EFBC}") = "Ceara.LojaVirtual.UnitTest", "Ceara.LojaVirtual.UnitTest\Ceara.LojaVirtual.UnitTest.csproj", "{4F23931B-82FD-46CA-B093-FD57BFED3371}"
EndProject
Project("{FAE04EC0-301F-11D3-BF4B-00C04F79EFBC}") = "Ceara.LojaVirtual.Dominio", "Ceara.LojaVirtual.Dominio\Ceara.LojaVirtual.Dominio.csproj", "{3B9B183C-1868-49B5-BA42-4CB03D7D6711}"
EndProject
Global
	GlobalSection(SolutionConfigurationPlatforms) = preSolution
		Debug|Any CPU = Debug|Any CPU
		Release|Any CPU = Release|Any CPU
	EndGlobalSection
	GlobalSection(ProjectConfigurationPlatforms) = postSolution
		{E3857E67-140C-4F8B-9468-8ECF87E4C2B5}.Debug|Any CPU.ActiveCfg = Debug|Any CPU
		{E3857E67-140C-4F8B-9468-8ECF87E4C2B5}.Debug|Any CPU.Build.0 = Debug|Any CPU
		{E3857E67-140C-4F8B-9468-8ECF87E4C2B5}.Release|Any CPU.ActiveCfg = Release|Any CPU
		{E3857E67-140C-4F8B-9468-8ECF87E4C2B5}.Release|Any CPU.Build.0 = Release|Any CPU
		{4F23931B-82FD-46CA-B093-FD57BFED3371}.Debug|Any CPU.ActiveCfg = Debug|Any CPU
		{4F23931B-82FD-46CA-B093-FD57BFED3371}.Debug|Any CPU.Build.0 = Debug|Any CPU
		{4F23931B-82FD-46CA-B093-FD57BFED3371}.Release|Any CPU.ActiveCfg = Release|Any CPU
		{4F23931B-82FD-46CA-B093-FD57BFED3371}.Release|Any CPU.Build.0 = Release|Any CPU
		{3B9B183C-1868-49B5-BA42-4CB03D7D6711}.Debug|Any CPU.ActiveCfg = Debug|Any CPU
		{3B9B183C-1868-49B5-BA42-4CB03D7D6711}.Debug|Any CPU.Build.0 = Debug|Any CPU
		{3B9B183C-1868-49B5-BA42-4CB03D7D6711}.Release|Any CPU.ActiveCfg = Release|Any CPU
		{3B9B183C-1868-49B5-BA42-4CB03D7D6711}.Release|Any CPU.Build.0 = Release|Any CPU
	EndGlobalSection
	GlobalSection(SolutionProperties) = preSolution
		HideSolutionNode = FALSE
	EndGlobalSection
EndGlobal
